<?xml version="1.0" encoding="utf-8"?>
<Project ToolsVersion="4.0" xmlns="http://schemas.microsoft.com/developer/msbuild/2003">
  <ItemGroup>
    <Filter Include="Исходные файлы">
      <UniqueIdentifier>{4FC737F1-C7A5-4376-A066-2A32D752A2FF}</UniqueIdentifier>
      <Extensions>cpp;c;cc;cxx;c++;cppm;ixx;def;odl;idl;hpj;bat;asm;asmx</Extensions>
    </Filter>
    <Filter Include="Файлы заголовков">
      <UniqueIdentifier>{93995380-89BD-4b04-88EB-625FBE52EBFB}</UniqueIdentifier>
      <Extensions>h;hh;hpp;hxx;h++;hm;inl;inc;ipp;xsd</Extensions>
    </Filter>
    <Filter Include="Файлы ресурсов">
      <UniqueIdentifier>{67DA6AB6-F800-4c08-8B7A-83BB121AAD01}</UniqueIdentifier>
      <Extensions>rc;ico;cur;bmp;dlg;rc2;rct;bin;rgs;gif;jpg;jpeg;jpe;resx;tiff;tif;png;wav;mfcribbon-ms</Extensions>
    </Filter>
  </ItemGroup>
  <ItemGroup>
    <ClCompile Include="src\cxx\main.cpp">
      <Filter>Исходные файлы</Filter>
    </ClCompile>
  </ItemGroup>
  <ItemGroup>
    <None Include="src\spir-v\simple_shader.frag" />
    <None Include="src\spir-v\simple_shader.vert" />
  </ItemGroup>
  <ItemGroup>
    <ClInclude Include="src\cxx\VulkanContext\VulkanDescriptorSet\VulkanDescriptorSetLayout.h">
      <Filter>Файлы заголовков</Filter>
    </ClInclude>
    <ClInclude Include="src\cxx\VulkanContext\VulkanDescriptorSet\IVulkanDescriptorSetElement.h">
      <Filter>Файлы заголовков</Filter>
    </ClInclude>
    <ClInclude Include="src\cxx\VulkanContext\GraphicsPipeline\GraphicsPipeline.h">
      <Filter>Файлы заголовков</Filter>
    </ClInclude>
    <ClInclude Include="src\cxx\VulkanContext\GraphicsPipeline\PipelineConfig.h">
      <Filter>Файлы заголовков</Filter>
    </ClInclude>
    <ClInclude Include="src\cxx\VulkanContext\GraphicsPipeline\VulkanShader.h">
      <Filter>Файлы заголовков</Filter>
    </ClInclude>
    <ClInclude Include="src\cxx\VulkanContext\VulkanBuffers\IndexBuffer.h">
      <Filter>Файлы заголовков</Filter>
    </ClInclude>
    <ClInclude Include="src\cxx\VulkanContext\VulkanBuffers\VertexBuffer.h">
      <Filter>Файлы заголовков</Filter>
    </ClInclude>
    <ClInclude Include="src\cxx\VulkanContext\VulkanBuffers\VertexBufferDescriptionManager.h">
      <Filter>Файлы заголовков</Filter>
    </ClInclude>
    <ClInclude Include="src\cxx\VulkanContext\VulkanDevice\DeviceSuitability.h">
      <Filter>Файлы заголовков</Filter>
    </ClInclude>
    <ClInclude Include="src\cxx\VulkanContext\VulkanDevice\VulkanDevice.h">
      <Filter>Файлы заголовков</Filter>
    </ClInclude>
    <ClInclude Include="src\cxx\VulkanContext\VulkanImmediateShaderData\PushConstants\PushConstant.h">
      <Filter>Файлы заголовков</Filter>
    </ClInclude>
    <ClInclude Include="src\cxx\VulkanContext\VulkanImmediateShaderData\PushConstants\PushConstantDescriptionManager.h">
      <Filter>Файлы заголовков</Filter>
    </ClInclude>
    <ClInclude Include="src\cxx\VulkanContext\VulkanLogger\IVulkanLoggerCallback.h">
      <Filter>Файлы заголовков</Filter>
    </ClInclude>
    <ClInclude Include="src\cxx\VulkanContext\VulkanLogger\VulkanLogger.h">
      <Filter>Файлы заголовков</Filter>
    </ClInclude>
    <ClInclude Include="src\cxx\VulkanContext\VulkanSwapChain\VulkanRenderingPipeline.h">
      <Filter>Файлы заголовков</Filter>
    </ClInclude>
    <ClInclude Include="src\cxx\VulkanContext\VulkanSwapChain\VulkanRenderPass.h">
      <Filter>Файлы заголовков</Filter>
    </ClInclude>
    <ClInclude Include="src\cxx\VulkanContext\VulkanSwapChain\VulkanSwapChain.h">
      <Filter>Файлы заголовков</Filter>
    </ClInclude>
    <ClInclude Include="src\cxx\VulkanContext\VulkanSwapChain\VulkanSwapChainControl.h">
      <Filter>Файлы заголовков</Filter>
    </ClInclude>
    <ClInclude Include="src\cxx\VulkanContext\VulkanInstance.h">
      <Filter>Файлы заголовков</Filter>
    </ClInclude>
    <ClInclude Include="src\cxx\Window\KeyBoardCallBack.h">
      <Filter>Файлы заголовков</Filter>
    </ClInclude>
    <ClInclude Include="src\cxx\Window\MouseMovedCallBack.h">
      <Filter>Файлы заголовков</Filter>
    </ClInclude>
    <ClInclude Include="src\cxx\Window\Window.h">
      <Filter>Файлы заголовков</Filter>
    </ClInclude>
    <ClInclude Include="src\cxx\Window\WindowResizeCallback.h">
      <Filter>Файлы заголовков</Filter>
    </ClInclude>
    <ClInclude Include="src\cxx\VulkanContext\VulkanDescriptorSet\VulkanDescriptorPool.h">
      <Filter>Файлы заголовков</Filter>
    </ClInclude>
    <ClInclude Include="src\cxx\VulkanContext\VulkanDescriptorSet\VulkanDescriptorSet.h">
      <Filter>Файлы заголовков</Filter>
    </ClInclude>
    <ClInclude Include="src\cxx\VulkanContext\VulkanImmediateShaderData\UniformBuffer\UniformBuffer.h">
      <Filter>Файлы заголовков</Filter>
    </ClInclude>
  </ItemGroup>
</Project>